
Microsoft Visual Studio Solution File, Format Version 12.00
# Visual Studio Version 16
VisualStudioVersion = 16.0.31702.278
MinimumVisualStudioVersion = 10.0.40219.1
Project("{FAE04EC0-301F-11D3-BF4B-00C04F79EFBC}") = "appdemo001", "appdemo001\appdemo001.csproj", "{545CCD62-E5A8-4AE9-A73A-5DC4D9712F8A}"
EndProject
Global
	GlobalSection(SolutionConfigurationPlatforms) = preSolution
		Debug|Any CPU = Debug|Any CPU
		Release|Any CPU = Release|Any CPU
	EndGlobalSection
	GlobalSection(ProjectConfigurationPlatforms) = postSolution
		{545CCD62-E5A8-4AE9-A73A-5DC4D9712F8A}.Debug|Any CPU.ActiveCfg = Debug|Any CPU
		{545CCD62-E5A8-4AE9-A73A-5DC4D9712F8A}.Debug|Any CPU.Build.0 = Debug|Any CPU
		{545CCD62-E5A8-4AE9-A73A-5DC4D9712F8A}.Release|Any CPU.ActiveCfg = Release|Any CPU
		{545CCD62-E5A8-4AE9-A73A-5DC4D9712F8A}.Release|Any CPU.Build.0 = Release|Any CPU
	EndGlobalSection
	GlobalSection(SolutionProperties) = preSolution
		HideSolutionNode = FALSE
	EndGlobalSection
	GlobalSection(ExtensibilityGlobals) = postSolution
		SolutionGuid = {1A837B51-1B30-42BF-9B09-A2A81492F11A}
	EndGlobalSection
EndGlobal
